
Microsoft Visual Studio Solution File, Format Version 12.00
# Visual Studio Version 17
VisualStudioVersion = 17.0.31903.59
MinimumVisualStudioVersion = 10.0.40219.1
Project("{2150E333-8FDC-42A3-9474-1A3956D46DE8}") = "src", "src", "{DA290B9B-4F76-4D6A-93EC-826712780254}"
EndProject
Project("{FAE04EC0-301F-11D3-BF4B-00C04F79EFBC}") = "SFA.DAS.Payments.EarningEvents.AcceptanceTests", "src\SFA.DAS.Payments.EarningEvents.AcceptanceTests\SFA.DAS.Payments.EarningEvents.AcceptanceTests.csproj", "{41447292-B1F8-4A53-8807-B433393E9AB4}"
EndProject
Project("{FAE04EC0-301F-11D3-BF4B-00C04F79EFBC}") = "SFA.DAS.Payments.EarningEvents.Domain.UnitTests", "src\SFA.DAS.Payments.EarningEvents.Domain.UnitTests\SFA.DAS.Payments.EarningEvents.Domain.UnitTests.csproj", "{19845F9A-A346-4420-99C1-D88151B86AC3}"
EndProject
Project("{FAE04EC0-301F-11D3-BF4B-00C04F79EFBC}") = "SFA.DAS.Payments.EarningEvents.Domain", "src\SFA.DAS.Payments.EarningEvents.Domain\SFA.DAS.Payments.EarningEvents.Domain.csproj", "{2D7BA56A-4743-4249-A9CE-A4D4B7538552}"
EndProject
Project("{FAE04EC0-301F-11D3-BF4B-00C04F79EFBC}") = "SFA.DAS.Payments.EarningEvents.Messages.Internal", "src\SFA.DAS.Payments.EarningEvents.Messages.Internal\SFA.DAS.Payments.EarningEvents.Messages.Internal.csproj", "{1BDDD32B-AA88-49A1-827C-253C57926393}"
EndProject
Project("{FAE04EC0-301F-11D3-BF4B-00C04F79EFBC}") = "SFA.DAS.Payments.EarningEvents.Messages", "src\SFA.DAS.Payments.EarningEvents.Messages\SFA.DAS.Payments.EarningEvents.Messages.csproj", "{CAE600D9-F5AF-4A68-BCFC-D16A98E50A95}"
EndProject
Global
	GlobalSection(SolutionConfigurationPlatforms) = preSolution
		Debug|Any CPU = Debug|Any CPU
		Release|Any CPU = Release|Any CPU
	EndGlobalSection
	GlobalSection(SolutionProperties) = preSolution
		HideSolutionNode = FALSE
	EndGlobalSection
	GlobalSection(ProjectConfigurationPlatforms) = postSolution
		{41447292-B1F8-4A53-8807-B433393E9AB4}.Debug|Any CPU.ActiveCfg = Debug|Any CPU
		{41447292-B1F8-4A53-8807-B433393E9AB4}.Debug|Any CPU.Build.0 = Debug|Any CPU
		{41447292-B1F8-4A53-8807-B433393E9AB4}.Release|Any CPU.ActiveCfg = Release|Any CPU
		{41447292-B1F8-4A53-8807-B433393E9AB4}.Release|Any CPU.Build.0 = Release|Any CPU
		{19845F9A-A346-4420-99C1-D88151B86AC3}.Debug|Any CPU.ActiveCfg = Debug|Any CPU
		{19845F9A-A346-4420-99C1-D88151B86AC3}.Debug|Any CPU.Build.0 = Debug|Any CPU
		{19845F9A-A346-4420-99C1-D88151B86AC3}.Release|Any CPU.ActiveCfg = Release|Any CPU
		{19845F9A-A346-4420-99C1-D88151B86AC3}.Release|Any CPU.Build.0 = Release|Any CPU
		{2D7BA56A-4743-4249-A9CE-A4D4B7538552}.Debug|Any CPU.ActiveCfg = Debug|Any CPU
		{2D7BA56A-4743-4249-A9CE-A4D4B7538552}.Debug|Any CPU.Build.0 = Debug|Any CPU
		{2D7BA56A-4743-4249-A9CE-A4D4B7538552}.Release|Any CPU.ActiveCfg = Release|Any CPU
		{2D7BA56A-4743-4249-A9CE-A4D4B7538552}.Release|Any CPU.Build.0 = Release|Any CPU
		{1BDDD32B-AA88-49A1-827C-253C57926393}.Debug|Any CPU.ActiveCfg = Debug|Any CPU
		{1BDDD32B-AA88-49A1-827C-253C57926393}.Debug|Any CPU.Build.0 = Debug|Any CPU
		{1BDDD32B-AA88-49A1-827C-253C57926393}.Release|Any CPU.ActiveCfg = Release|Any CPU
		{1BDDD32B-AA88-49A1-827C-253C57926393}.Release|Any CPU.Build.0 = Release|Any CPU
		{CAE600D9-F5AF-4A68-BCFC-D16A98E50A95}.Debug|Any CPU.ActiveCfg = Debug|Any CPU
		{CAE600D9-F5AF-4A68-BCFC-D16A98E50A95}.Debug|Any CPU.Build.0 = Debug|Any CPU
		{CAE600D9-F5AF-4A68-BCFC-D16A98E50A95}.Release|Any CPU.ActiveCfg = Release|Any CPU
		{CAE600D9-F5AF-4A68-BCFC-D16A98E50A95}.Release|Any CPU.Build.0 = Release|Any CPU
	EndGlobalSection
	GlobalSection(NestedProjects) = preSolution
		{41447292-B1F8-4A53-8807-B433393E9AB4} = {DA290B9B-4F76-4D6A-93EC-826712780254}
		{19845F9A-A346-4420-99C1-D88151B86AC3} = {DA290B9B-4F76-4D6A-93EC-826712780254}
		{2D7BA56A-4743-4249-A9CE-A4D4B7538552} = {DA290B9B-4F76-4D6A-93EC-826712780254}
		{1BDDD32B-AA88-49A1-827C-253C57926393} = {DA290B9B-4F76-4D6A-93EC-826712780254}
		{CAE600D9-F5AF-4A68-BCFC-D16A98E50A95} = {DA290B9B-4F76-4D6A-93EC-826712780254}
	EndGlobalSection
EndGlobal
