
Microsoft Visual Studio Solution File, Format Version 12.00
# Visual Studio Version 17
VisualStudioVersion = 17.0.31903.59
MinimumVisualStudioVersion = 10.0.40219.1
Project("{9A19103F-16F7-4668-BE54-9A1E7A4F7556}") = "SFA.DAS.Payments.EarningEvents.Domain", "SFA.DAS.Payments.EarningEvents.Domain\SFA.DAS.Payments.EarningEvents.Domain.csproj", "{4C9090D0-E683-4FCE-BACF-F9AA39061944}"
EndProject
Project("{9A19103F-16F7-4668-BE54-9A1E7A4F7556}") = "SFA.DAS.Payments.EarningEvents.Messages.Internal", "SFA.DAS.Payments.EarningEvents.Messages.Internal\SFA.DAS.Payments.EarningEvents.Messages.Internal.csproj", "{2EF69396-AA14-4844-B16D-0E4DA9561F24}"
EndProject
Project("{9A19103F-16F7-4668-BE54-9A1E7A4F7556}") = "SFA.DAS.Payments.EarningEvents.Messages", "SFA.DAS.Payments.EarningEvents.Messages\SFA.DAS.Payments.EarningEvents.Messages.csproj", "{A3CABF8B-D5C5-4953-88B7-3EA52A80D21D}"
EndProject
Project("{2150E333-8FDC-42A3-9474-1A3956D46DE8}") = "Tests", "Tests", "{81BF10D0-7052-462D-BEA3-AC7B0EA13759}"
EndProject
Global
	GlobalSection(SolutionConfigurationPlatforms) = preSolution
		Debug|Any CPU = Debug|Any CPU
		Release|Any CPU = Release|Any CPU
	EndGlobalSection
	GlobalSection(ProjectConfigurationPlatforms) = postSolution
		{4C9090D0-E683-4FCE-BACF-F9AA39061944}.Debug|Any CPU.ActiveCfg = Debug|Any CPU
		{4C9090D0-E683-4FCE-BACF-F9AA39061944}.Debug|Any CPU.Build.0 = Debug|Any CPU
		{4C9090D0-E683-4FCE-BACF-F9AA39061944}.Release|Any CPU.ActiveCfg = Release|Any CPU
		{4C9090D0-E683-4FCE-BACF-F9AA39061944}.Release|Any CPU.Build.0 = Release|Any CPU
		{2EF69396-AA14-4844-B16D-0E4DA9561F24}.Debug|Any CPU.ActiveCfg = Debug|Any CPU
		{2EF69396-AA14-4844-B16D-0E4DA9561F24}.Debug|Any CPU.Build.0 = Debug|Any CPU
		{2EF69396-AA14-4844-B16D-0E4DA9561F24}.Release|Any CPU.ActiveCfg = Release|Any CPU
		{2EF69396-AA14-4844-B16D-0E4DA9561F24}.Release|Any CPU.Build.0 = Release|Any CPU
		{A3CABF8B-D5C5-4953-88B7-3EA52A80D21D}.Debug|Any CPU.ActiveCfg = Debug|Any CPU
		{A3CABF8B-D5C5-4953-88B7-3EA52A80D21D}.Debug|Any CPU.Build.0 = Debug|Any CPU
		{A3CABF8B-D5C5-4953-88B7-3EA52A80D21D}.Release|Any CPU.ActiveCfg = Release|Any CPU
		{A3CABF8B-D5C5-4953-88B7-3EA52A80D21D}.Release|Any CPU.Build.0 = Release|Any CPU
	EndGlobalSection
	GlobalSection(SolutionProperties) = preSolution
		HideSolutionNode = FALSE
	EndGlobalSection
	GlobalSection(ExtensibilityGlobals) = postSolution
		SolutionGuid = {489797B2-09B5-432C-A24D-11D514F25BCF}
	EndGlobalSection
EndGlobal
