
Microsoft Visual Studio Solution File, Format Version 12.00
# Visual Studio Version 17
VisualStudioVersion = 17.0.31903.59
MinimumVisualStudioVersion = 10.0.40219.1
Project("{FAE04EC0-301F-11D3-BF4B-00C04F79EFBC}") = "SFA.DAS.Payments.EarningEvents.AcceptanceTests", "SFA.DAS.Payments.EarningEvents.AcceptanceTests\SFA.DAS.Payments.EarningEvents.AcceptanceTests.csproj", "{41447292-B1F8-4A53-8807-B433393E9AB4}"
EndProject
Project("{FAE04EC0-301F-11D3-BF4B-00C04F79EFBC}") = "SFA.DAS.Payments.EarningEvents.Domain.UnitTests", "SFA.DAS.Payments.EarningEvents.Domain.UnitTests\SFA.DAS.Payments.EarningEvents.Domain.UnitTests.csproj", "{F46B00AD-F748-4340-B794-8B9428FBC4D3}"
EndProject
Project("{FAE04EC0-301F-11D3-BF4B-00C04F79EFBC}") = "SFA.DAS.Payments.EarningEvents.Domain", "SFA.DAS.Payments.EarningEvents.Domain\SFA.DAS.Payments.EarningEvents.Domain.csproj", "{4C9090D0-E683-4FCE-BACF-F9AA39061944}"
EndProject
Project("{FAE04EC0-301F-11D3-BF4B-00C04F79EFBC}") = "SFA.DAS.Payments.EarningEvents.Messages.Internal", "SFA.DAS.Payments.EarningEvents.Messages.Internal\SFA.DAS.Payments.EarningEvents.Messages.Internal.csproj", "{2EF69396-AA14-4844-B16D-0E4DA9561F24}"
EndProject
Project("{FAE04EC0-301F-11D3-BF4B-00C04F79EFBC}") = "SFA.DAS.Payments.EarningEvents.Messages", "SFA.DAS.Payments.EarningEvents.Messages\SFA.DAS.Payments.EarningEvents.Messages.csproj", "{A3CABF8B-D5C5-4953-88B7-3EA52A80D21D}"
EndProject
Global
	GlobalSection(SolutionConfigurationPlatforms) = preSolution
		Debug|Any CPU = Debug|Any CPU
		Release|Any CPU = Release|Any CPU
	EndGlobalSection
	GlobalSection(SolutionProperties) = preSolution
		HideSolutionNode = FALSE
	EndGlobalSection
	GlobalSection(ProjectConfigurationPlatforms) = postSolution
		{41447292-B1F8-4A53-8807-B433393E9AB4}.Debug|Any CPU.ActiveCfg = Debug|Any CPU
		{41447292-B1F8-4A53-8807-B433393E9AB4}.Debug|Any CPU.Build.0 = Debug|Any CPU
		{41447292-B1F8-4A53-8807-B433393E9AB4}.Release|Any CPU.ActiveCfg = Release|Any CPU
		{41447292-B1F8-4A53-8807-B433393E9AB4}.Release|Any CPU.Build.0 = Release|Any CPU
		{F46B00AD-F748-4340-B794-8B9428FBC4D3}.Debug|Any CPU.ActiveCfg = Debug|Any CPU
		{F46B00AD-F748-4340-B794-8B9428FBC4D3}.Debug|Any CPU.Build.0 = Debug|Any CPU
		{F46B00AD-F748-4340-B794-8B9428FBC4D3}.Release|Any CPU.ActiveCfg = Release|Any CPU
		{F46B00AD-F748-4340-B794-8B9428FBC4D3}.Release|Any CPU.Build.0 = Release|Any CPU
		{4C9090D0-E683-4FCE-BACF-F9AA39061944}.Debug|Any CPU.ActiveCfg = Debug|Any CPU
		{4C9090D0-E683-4FCE-BACF-F9AA39061944}.Debug|Any CPU.Build.0 = Debug|Any CPU
		{4C9090D0-E683-4FCE-BACF-F9AA39061944}.Release|Any CPU.ActiveCfg = Release|Any CPU
		{4C9090D0-E683-4FCE-BACF-F9AA39061944}.Release|Any CPU.Build.0 = Release|Any CPU
		{2EF69396-AA14-4844-B16D-0E4DA9561F24}.Debug|Any CPU.ActiveCfg = Debug|Any CPU
		{2EF69396-AA14-4844-B16D-0E4DA9561F24}.Debug|Any CPU.Build.0 = Debug|Any CPU
		{2EF69396-AA14-4844-B16D-0E4DA9561F24}.Release|Any CPU.ActiveCfg = Release|Any CPU
		{2EF69396-AA14-4844-B16D-0E4DA9561F24}.Release|Any CPU.Build.0 = Release|Any CPU
		{A3CABF8B-D5C5-4953-88B7-3EA52A80D21D}.Debug|Any CPU.ActiveCfg = Debug|Any CPU
		{A3CABF8B-D5C5-4953-88B7-3EA52A80D21D}.Debug|Any CPU.Build.0 = Debug|Any CPU
		{A3CABF8B-D5C5-4953-88B7-3EA52A80D21D}.Release|Any CPU.ActiveCfg = Release|Any CPU
		{A3CABF8B-D5C5-4953-88B7-3EA52A80D21D}.Release|Any CPU.Build.0 = Release|Any CPU
	EndGlobalSection
EndGlobal
